
Microsoft Visual Studio Solution File, Format Version 12.00
# Visual Studio 14
VisualStudioVersion = 14.0.23107.0
MinimumVisualStudioVersion = 10.0.40219.1
Project("{FAE04EC0-301F-11D3-BF4B-00C04F79EFBC}") = "first_demo", "first_demo\first_demo.csproj", "{3AC03A92-4E8F-46AF-863B-B01D015F9717}"
EndProject
Global
	GlobalSection(SolutionConfigurationPlatforms) = preSolution
		Debug|Any CPU = Debug|Any CPU
		Release|Any CPU = Release|Any CPU
	EndGlobalSection
	GlobalSection(ProjectConfigurationPlatforms) = postSolution
		{3AC03A92-4E8F-46AF-863B-B01D015F9717}.Debug|Any CPU.ActiveCfg = Debug|Any CPU
		{3AC03A92-4E8F-46AF-863B-B01D015F9717}.Debug|Any CPU.Build.0 = Debug|Any CPU
		{3AC03A92-4E8F-46AF-863B-B01D015F9717}.Release|Any CPU.ActiveCfg = Release|Any CPU
		{3AC03A92-4E8F-46AF-863B-B01D015F9717}.Release|Any CPU.Build.0 = Release|Any CPU
	EndGlobalSection
	GlobalSection(SolutionProperties) = preSolution
		HideSolutionNode = FALSE
	EndGlobalSection
EndGlobal
