
Microsoft Visual Studio Solution File, Format Version 12.00
# Visual Studio 14
VisualStudioVersion = 14.0.23107.0
MinimumVisualStudioVersion = 10.0.40219.1
Project("{FAE04EC0-301F-11D3-BF4B-00C04F79EFBC}") = "Template-Mask", "Template-Mask\Template-Mask.csproj", "{1F569B54-B7A8-4A26-8D2B-AFBAD6E15726}"
EndProject
Global
	GlobalSection(SolutionConfigurationPlatforms) = preSolution
		Debug|Any CPU = Debug|Any CPU
		Release|Any CPU = Release|Any CPU
	EndGlobalSection
	GlobalSection(ProjectConfigurationPlatforms) = postSolution
		{1F569B54-B7A8-4A26-8D2B-AFBAD6E15726}.Debug|Any CPU.ActiveCfg = Debug|Any CPU
		{1F569B54-B7A8-4A26-8D2B-AFBAD6E15726}.Debug|Any CPU.Build.0 = Debug|Any CPU
		{1F569B54-B7A8-4A26-8D2B-AFBAD6E15726}.Release|Any CPU.ActiveCfg = Release|Any CPU
		{1F569B54-B7A8-4A26-8D2B-AFBAD6E15726}.Release|Any CPU.Build.0 = Release|Any CPU
	EndGlobalSection
	GlobalSection(SolutionProperties) = preSolution
		HideSolutionNode = FALSE
	EndGlobalSection
EndGlobal
